// !$*UTF8*$!
{
	archiveVersion = 1;
	classes = {
	};
	objectVersion = 55;
	objects = {

/* Begin PBXBuildFile section */
		7591249D28E733F000CD8881 /* AppDelegate.swift in Sources */ = {isa = PBXBuildFile; fileRef = 7591249C28E733F000CD8881 /* AppDelegate.swift */; };
		7591249F28E733F000CD8881 /* SceneDelegate.swift in Sources */ = {isa = PBXBuildFile; fileRef = 7591249E28E733F000CD8881 /* SceneDelegate.swift */; };
		759124A128E733F000CD8881 /* ViewController.swift in Sources */ = {isa = PBXBuildFile; fileRef = 759124A028E733F000CD8881 /* ViewController.swift */; };
		759124A428E733F000CD8881 /* Main.storyboard in Resources */ = {isa = PBXBuildFile; fileRef = 759124A228E733F000CD8881 /* Main.storyboard */; };
		759124A628E733F100CD8881 /* Assets.xcassets in Resources */ = {isa = PBXBuildFile; fileRef = 759124A528E733F100CD8881 /* Assets.xcassets */; };
		759124A928E733F100CD8881 /* LaunchScreen.storyboard in Resources */ = {isa = PBXBuildFile; fileRef = 759124A728E733F100CD8881 /* LaunchScreen.storyboard */; };
		759124B428E733F200CD8881 /* AboutMeTests.swift in Sources */ = {isa = PBXBuildFile; fileRef = 759124B328E733F200CD8881 /* AboutMeTests.swift */; };
		759124BE28E733F200CD8881 /* AboutMeUITests.swift in Sources */ = {isa = PBXBuildFile; fileRef = 759124BD28E733F200CD8881 /* AboutMeUITests.swift */; };
		759124C028E733F200CD8881 /* AboutMeUITestsLaunchTests.swift in Sources */ = {isa = PBXBuildFile; fileRef = 759124BF28E733F200CD8881 /* AboutMeUITestsLaunchTests.swift */; };
/* End PBXBuildFile section */

/* Begin PBXContainerItemProxy section */
		759124B028E733F200CD8881 /* PBXContainerItemProxy */ = {
			isa = PBXContainerItemProxy;
			containerPortal = 7591249128E733F000CD8881 /* Project object */;
			proxyType = 1;
			remoteGlobalIDString = 7591249828E733F000CD8881;
			remoteInfo = AboutMe;
		};
		759124BA28E733F200CD8881 /* PBXContainerItemProxy */ = {
			isa = PBXContainerItemProxy;
			containerPortal = 7591249128E733F000CD8881 /* Project object */;
			proxyType = 1;
			remoteGlobalIDString = 7591249828E733F000CD8881;
			remoteInfo = AboutMe;
		};
/* End PBXContainerItemProxy section */

/* Begin PBXFileReference section */
		7591249928E733F000CD8881 /* AboutMe.app */ = {isa = PBXFileReference; explicitFileType = wrapper.application; includeInIndex = 0; path = AboutMe.app; sourceTree = BUILT_PRODUCTS_DIR; };
		7591249C28E733F000CD8881 /* AppDelegate.swift */ = {isa = PBXFileReference; lastKnownFileType = sourcecode.swift; path = AppDelegate.swift; sourceTree = "<group>"; };
		7591249E28E733F000CD8881 /* SceneDelegate.swift */ = {isa = PBXFileReference; lastKnownFileType = sourcecode.swift; path = SceneDelegate.swift; sourceTree = "<group>"; };
		759124A028E733F000CD8881 /* ViewController.swift */ = {isa = PBXFileReference; lastKnownFileType = sourcecode.swift; path = ViewController.swift; sourceTree = "<group>"; };
		759124A328E733F000CD8881 /* Base */ = {isa = PBXFileReference; lastKnownFileType = file.storyboard; name = Base; path = Base.lproj/Main.storyboard; sourceTree = "<group>"; };
		759124A528E733F100CD8881 /* Assets.xcassets */ = {isa = PBXFileReference; lastKnownFileType = folder.assetcatalog; path = Assets.xcassets; sourceTree = "<group>"; };
		759124A828E733F100CD8881 /* Base */ = {isa = PBXFileReference; lastKnownFileType = file.storyboard; name = Base; path = Base.lproj/LaunchScreen.storyboard; sourceTree = "<group>"; };
		759124AA28E733F100CD8881 /* Info.plist */ = {isa = PBXFileReference; lastKnownFileType = text.plist.xml; path = Info.plist; sourceTree = "<group>"; };
		759124AF28E733F200CD8881 /* AboutMeTests.xctest */ = {isa = PBXFileReference; explicitFileType = wrapper.cfbundle; includeInIndex = 0; path = AboutMeTests.xctest; sourceTree = BUILT_PRODUCTS_DIR; };
		759124B328E733F200CD8881 /* AboutMeTests.swift */ = {isa = PBXFileReference; lastKnownFileType = sourcecode.swift; path = AboutMeTests.swift; sourceTree = "<group>"; };
		759124B928E733F200CD8881 /* AboutMeUITests.xctest */ = {isa = PBXFileReference; explicitFileType = wrapper.cfbundle; includeInIndex = 0; path = AboutMeUITests.xctest; sourceTree = BUILT_PRODUCTS_DIR; };
		759124BD28E733F200CD8881 /* AboutMeUITests.swift */ = {isa = PBXFileReference; lastKnownFileType = sourcecode.swift; path = AboutMeUITests.swift; sourceTree = "<group>"; };
		759124BF28E733F200CD8881 /* AboutMeUITestsLaunchTests.swift */ = {isa = PBXFileReference; lastKnownFileType = sourcecode.swift; path = AboutMeUITestsLaunchTests.swift; sourceTree = "<group>"; };
/* End PBXFileReference section */

/* Begin PBXFrameworksBuildPhase section */
		7591249628E733F000CD8881 /* Frameworks */ = {
			isa = PBXFrameworksBuildPhase;
			buildActionMask = 2147483647;
			files = (
			);
			runOnlyForDeploymentPostprocessing = 0;
		};
		759124AC28E733F200CD8881 /* Frameworks */ = {
			isa = PBXFrameworksBuildPhase;
			buildActionMask = 2147483647;
			files = (
			);
			runOnlyForDeploymentPostprocessing = 0;
		};
		759124B628E733F200CD8881 /* Frameworks */ = {
			isa = PBXFrameworksBuildPhase;
			buildActionMask = 2147483647;
			files = (
			);
			runOnlyForDeploymentPostprocessing = 0;
		};
/* End PBXFrameworksBuildPhase section */

/* Begin PBXGroup section */
		7591249028E733F000CD8881 = {
			isa = PBXGroup;
			children = (
				7591249B28E733F000CD8881 /* AboutMe */,
				759124B228E733F200CD8881 /* AboutMeTests */,
				759124BC28E733F200CD8881 /* AboutMeUITests */,
				7591249A28E733F000CD8881 /* Products */,
			);
			sourceTree = "<group>";
		};
		7591249A28E733F000CD8881 /* Products */ = {
			isa = PBXGroup;
			children = (
				7591249928E733F000CD8881 /* AboutMe.app */,
				759124AF28E733F200CD8881 /* AboutMeTests.xctest */,
				759124B928E733F200CD8881 /* AboutMeUITests.xctest */,
			);
			name = Products;
			sourceTree = "<group>";
		};
		7591249B28E733F000CD8881 /* AboutMe */ = {
			isa = PBXGroup;
			children = (
				7591249C28E733F000CD8881 /* AppDelegate.swift */,
				7591249E28E733F000CD8881 /* SceneDelegate.swift */,
				759124A028E733F000CD8881 /* ViewController.swift */,
				759124A228E733F000CD8881 /* Main.storyboard */,
				759124A528E733F100CD8881 /* Assets.xcassets */,
				759124A728E733F100CD8881 /* LaunchScreen.storyboard */,
				759124AA28E733F100CD8881 /* Info.plist */,
			);
			path = AboutMe;
			sourceTree = "<group>";
		};
		759124B228E733F200CD8881 /* AboutMeTests */ = {
			isa = PBXGroup;
			children = (
				759124B328E733F200CD8881 /* AboutMeTests.swift */,
			);
			path = AboutMeTests;
			sourceTree = "<group>";
		};
		759124BC28E733F200CD8881 /* AboutMeUITests */ = {
			isa = PBXGroup;
			children = (
				759124BD28E733F200CD8881 /* AboutMeUITests.swift */,
				759124BF28E733F200CD8881 /* AboutMeUITestsLaunchTests.swift */,
			);
			path = AboutMeUITests;
			sourceTree = "<group>";
		};
/* End PBXGroup section */

/* Begin PBXNativeTarget section */
		7591249828E733F000CD8881 /* AboutMe */ = {
			isa = PBXNativeTarget;
			buildConfigurationList = 759124C328E733F200CD8881 /* Build configuration list for PBXNativeTarget "AboutMe" */;
			buildPhases = (
				7591249528E733F000CD8881 /* Sources */,
				7591249628E733F000CD8881 /* Frameworks */,
				7591249728E733F000CD8881 /* Resources */,
			);
			buildRules = (
			);
			dependencies = (
			);
			name = AboutMe;
			productName = AboutMe;
			productReference = 7591249928E733F000CD8881 /* AboutMe.app */;
			productType = "com.apple.product-type.application";
		};
		759124AE28E733F200CD8881 /* AboutMeTests */ = {
			isa = PBXNativeTarget;
			buildConfigurationList = 759124C628E733F200CD8881 /* Build configuration list for PBXNativeTarget "AboutMeTests" */;
			buildPhases = (
				759124AB28E733F200CD8881 /* Sources */,
				759124AC28E733F200CD8881 /* Frameworks */,
				759124AD28E733F200CD8881 /* Resources */,
			);
			buildRules = (
			);
			dependencies = (
				759124B128E733F200CD8881 /* PBXTargetDependency */,
			);
			name = AboutMeTests;
			productName = AboutMeTests;
			productReference = 759124AF28E733F200CD8881 /* AboutMeTests.xctest */;
			productType = "com.apple.product-type.bundle.unit-test";
		};
		759124B828E733F200CD8881 /* AboutMeUITests */ = {
			isa = PBXNativeTarget;
			buildConfigurationList = 759124C928E733F200CD8881 /* Build configuration list for PBXNativeTarget "AboutMeUITests" */;
			buildPhases = (
				759124B528E733F200CD8881 /* Sources */,
				759124B628E733F200CD8881 /* Frameworks */,
				759124B728E733F200CD8881 /* Resources */,
			);
			buildRules = (
			);
			dependencies = (
				759124BB28E733F200CD8881 /* PBXTargetDependency */,
			);
			name = AboutMeUITests;
			productName = AboutMeUITests;
			productReference = 759124B928E733F200CD8881 /* AboutMeUITests.xctest */;
			productType = "com.apple.product-type.bundle.ui-testing";
		};
/* End PBXNativeTarget section */

/* Begin PBXProject section */
		7591249128E733F000CD8881 /* Project object */ = {
			isa = PBXProject;
			attributes = {
				BuildIndependentTargetsInParallel = 1;
				LastSwiftUpdateCheck = 1340;
				LastUpgradeCheck = 1340;
				TargetAttributes = {
					7591249828E733F000CD8881 = {
						CreatedOnToolsVersion = 13.4.1;
					};
					759124AE28E733F200CD8881 = {
						CreatedOnToolsVersion = 13.4.1;
						TestTargetID = 7591249828E733F000CD8881;
					};
					759124B828E733F200CD8881 = {
						CreatedOnToolsVersion = 13.4.1;
						TestTargetID = 7591249828E733F000CD8881;
					};
				};
			};
			buildConfigurationList = 7591249428E733F000CD8881 /* Build configuration list for PBXProject "AboutMe" */;
			compatibilityVersion = "Xcode 13.0";
			developmentRegion = en;
			hasScannedForEncodings = 0;
			knownRegions = (
				en,
				Base,
			);
			mainGroup = 7591249028E733F000CD8881;
			productRefGroup = 7591249A28E733F000CD8881 /* Products */;
			projectDirPath = "";
			projectRoot = "";
			targets = (
				7591249828E733F000CD8881 /* AboutMe */,
				759124AE28E733F200CD8881 /* AboutMeTests */,
				759124B828E733F200CD8881 /* AboutMeUITests */,
			);
		};
/* End PBXProject section */

/* Begin PBXResourcesBuildPhase section */
		7591249728E733F000CD8881 /* Resources */ = {
			isa = PBXResourcesBuildPhase;
			buildActionMask = 2147483647;
			files = (
				759124A928E733F100CD8881 /* LaunchScreen.storyboard in Resources */,
				759124A628E733F100CD8881 /* Assets.xcassets in Resources */,
				759124A428E733F000CD8881 /* Main.storyboard in Resources */,
			);
			runOnlyForDeploymentPostprocessing = 0;
		};
		759124AD28E733F200CD8881 /* Resources */ = {
			isa = PBXResourcesBuildPhase;
			buildActionMask = 2147483647;
			files = (
			);
			runOnlyForDeploymentPostprocessing = 0;
		};
		759124B728E733F200CD8881 /* Resources */ = {
			isa = PBXResourcesBuildPhase;
			buildActionMask = 2147483647;
			files = (
			);
			runOnlyForDeploymentPostprocessing = 0;
		};
/* End PBXResourcesBuildPhase section */

/* Begin PBXSourcesBuildPhase section */
		7591249528E733F000CD8881 /* Sources */ = {
			isa = PBXSourcesBuildPhase;
			buildActionMask = 2147483647;
			files = (
				759124A128E733F000CD8881 /* ViewController.swift in Sources */,
				7591249D28E733F000CD8881 /* AppDelegate.swift in Sources */,
				7591249F28E733F000CD8881 /* SceneDelegate.swift in Sources */,
			);
			runOnlyForDeploymentPostprocessing = 0;
		};
		759124AB28E733F200CD8881 /* Sources */ = {
			isa = PBXSourcesBuildPhase;
			buildActionMask = 2147483647;
			files = (
				759124B428E733F200CD8881 /* AboutMeTests.swift in Sources */,
			);
			runOnlyForDeploymentPostprocessing = 0;
		};
		759124B528E733F200CD8881 /* Sources */ = {
			isa = PBXSourcesBuildPhase;
			buildActionMask = 2147483647;
			files = (
				759124C028E733F200CD8881 /* AboutMeUITestsLaunchTests.swift in Sources */,
				759124BE28E733F200CD8881 /* AboutMeUITests.swift in Sources */,
			);
			runOnlyForDeploymentPostprocessing = 0;
		};
/* End PBXSourcesBuildPhase section */

/* Begin PBXTargetDependency section */
		759124B128E733F200CD8881 /* PBXTargetDependency */ = {
			isa = PBXTargetDependency;
			target = 7591249828E733F000CD8881 /* AboutMe */;
			targetProxy = 759124B028E733F200CD8881 /* PBXContainerItemProxy */;
		};
		759124BB28E733F200CD8881 /* PBXTargetDependency */ = {
			isa = PBXTargetDependency;
			target = 7591249828E733F000CD8881 /* AboutMe */;
			targetProxy = 759124BA28E733F200CD8881 /* PBXContainerItemProxy */;
		};
/* End PBXTargetDependency section */

/* Begin PBXVariantGroup section */
		759124A228E733F000CD8881 /* Main.storyboard */ = {
			isa = PBXVariantGroup;
			children = (
				759124A328E733F000CD8881 /* Base */,
			);
			name = Main.storyboard;
			sourceTree = "<group>";
		};
		759124A728E733F100CD8881 /* LaunchScreen.storyboard */ = {
			isa = PBXVariantGroup;
			children = (
				759124A828E733F100CD8881 /* Base */,
			);
			name = LaunchScreen.storyboard;
			sourceTree = "<group>";
		};
/* End PBXVariantGroup section */

/* Begin XCBuildConfiguration section */
		759124C128E733F200CD8881 /* Debug */ = {
			isa = XCBuildConfiguration;
			buildSettings = {
				ALWAYS_SEARCH_USER_PATHS = NO;
				CLANG_ANALYZER_NONNULL = YES;
				CLANG_ANALYZER_NUMBER_OBJECT_CONVERSION = YES_AGGRESSIVE;
				CLANG_CXX_LANGUAGE_STANDARD = "gnu++17";
				CLANG_ENABLE_MODULES = YES;
				CLANG_ENABLE_OBJC_ARC = YES;
				CLANG_ENABLE_OBJC_WEAK = YES;
				CLANG_WARN_BLOCK_CAPTURE_AUTORELEASING = YES;
				CLANG_WARN_BOOL_CONVERSION = YES;
				CLANG_WARN_COMMA = YES;
				CLANG_WARN_CONSTANT_CONVERSION = YES;
				CLANG_WARN_DEPRECATED_OBJC_IMPLEMENTATIONS = YES;
				CLANG_WARN_DIRECT_OBJC_ISA_USAGE = YES_ERROR;
				CLANG_WARN_DOCUMENTATION_COMMENTS = YES;
				CLANG_WARN_EMPTY_BODY = YES;
				CLANG_WARN_ENUM_CONVERSION = YES;
				CLANG_WARN_INFINITE_RECURSION = YES;
				CLANG_WARN_INT_CONVERSION = YES;
				CLANG_WARN_NON_LITERAL_NULL_CONVERSION = YES;
				CLANG_WARN_OBJC_IMPLICIT_RETAIN_SELF = YES;
				CLANG_WARN_OBJC_LITERAL_CONVERSION = YES;
				CLANG_WARN_OBJC_ROOT_CLASS = YES_ERROR;
				CLANG_WARN_QUOTED_INCLUDE_IN_FRAMEWORK_HEADER = YES;
				CLANG_WARN_RANGE_LOOP_ANALYSIS = YES;
				CLANG_WARN_STRICT_PROTOTYPES = YES;
				CLANG_WARN_SUSPICIOUS_MOVE = YES;
				CLANG_WARN_UNGUARDED_AVAILABILITY = YES_AGGRESSIVE;
				CLANG_WARN_UNREACHABLE_CODE = YES;
				CLANG_WARN__DUPLICATE_METHOD_MATCH = YES;
				COPY_PHASE_STRIP = NO;
				DEBUG_INFORMATION_FORMAT = dwarf;
				ENABLE_STRICT_OBJC_MSGSEND = YES;
				ENABLE_TESTABILITY = YES;
				GCC_C_LANGUAGE_STANDARD = gnu11;
				GCC_DYNAMIC_NO_PIC = NO;
				GCC_NO_COMMON_BLOCKS = YES;
				GCC_OPTIMIZATION_LEVEL = 0;
				GCC_PREPROCESSOR_DEFINITIONS = (
					"DEBUG=1",
					"$(inherited)",
				);
				GCC_WARN_64_TO_32_BIT_CONVERSION = YES;
				GCC_WARN_ABOUT_RETURN_TYPE = YES_ERROR;
				GCC_WARN_UNDECLARED_SELECTOR = YES;
				GCC_WARN_UNINITIALIZED_AUTOS = YES_AGGRESSIVE;
				GCC_WARN_UNUSED_FUNCTION = YES;
				GCC_WARN_UNUSED_VARIABLE = YES;
				IPHONEOS_DEPLOYMENT_TARGET = 15.5;
				MTL_ENABLE_DEBUG_INFO = INCLUDE_SOURCE;
				MTL_FAST_MATH = YES;
				ONLY_ACTIVE_ARCH = YES;
				SDKROOT = iphoneos;
				SWIFT_ACTIVE_COMPILATION_CONDITIONS = DEBUG;
				SWIFT_OPTIMIZATION_LEVEL = "-Onone";
			};
			name = Debug;
		};
		759124C228E733F200CD8881 /* Release */ = {
			isa = XCBuildConfiguration;
			buildSettings = {
				ALWAYS_SEARCH_USER_PATHS = NO;
				CLANG_ANALYZER_NONNULL = YES;
				CLANG_ANALYZER_NUMBER_OBJECT_CONVERSION = YES_AGGRESSIVE;
				CLANG_CXX_LANGUAGE_STANDARD = "gnu++17";
				CLANG_ENABLE_MODULES = YES;
				CLANG_ENABLE_OBJC_ARC = YES;
				CLANG_ENABLE_OBJC_WEAK = YES;
				CLANG_WARN_BLOCK_CAPTURE_AUTORELEASING = YES;
				CLANG_WARN_BOOL_CONVERSION = YES;
				CLANG_WARN_COMMA = YES;
				CLANG_WARN_CONSTANT_CONVERSION = YES;
				CLANG_WARN_DEPRECATED_OBJC_IMPLEMENTATIONS = YES;
				CLANG_WARN_DIRECT_OBJC_ISA_USAGE = YES_ERROR;
				CLANG_WARN_DOCUMENTATION_COMMENTS = YES;
				CLANG_WARN_EMPTY_BODY = YES;
				CLANG_WARN_ENUM_CONVERSION = YES;
				CLANG_WARN_INFINITE_RECURSION = YES;
				CLANG_WARN_INT_CONVERSION = YES;
				CLANG_WARN_NON_LITERAL_NULL_CONVERSION = YES;
				CLANG_WARN_OBJC_IMPLICIT_RETAIN_SELF = YES;
				CLANG_WARN_OBJC_LITERAL_CONVERSION = YES;
				CLANG_WARN_OBJC_ROOT_CLASS = YES_ERROR;
				CLANG_WARN_QUOTED_INCLUDE_IN_FRAMEWORK_HEADER = YES;
				CLANG_WARN_RANGE_LOOP_ANALYSIS = YES;
				CLANG_WARN_STRICT_PROTOTYPES = YES;
				CLANG_WARN_SUSPICIOUS_MOVE = YES;
				CLANG_WARN_UNGUARDED_AVAILABILITY = YES_AGGRESSIVE;
				CLANG_WARN_UNREACHABLE_CODE = YES;
				CLANG_WARN__DUPLICATE_METHOD_MATCH = YES;
				COPY_PHASE_STRIP = NO;
				DEBUG_INFORMATION_FORMAT = "dwarf-with-dsym";
				ENABLE_NS_ASSERTIONS = NO;
				ENABLE_STRICT_OBJC_MSGSEND = YES;
				GCC_C_LANGUAGE_STANDARD = gnu11;
				GCC_NO_COMMON_BLOCKS = YES;
				GCC_WARN_64_TO_32_BIT_CONVERSION = YES;
				GCC_WARN_ABOUT_RETURN_TYPE = YES_ERROR;
				GCC_WARN_UNDECLARED_SELECTOR = YES;
				GCC_WARN_UNINITIALIZED_AUTOS = YES_AGGRESSIVE;
				GCC_WARN_UNUSED_FUNCTION = YES;
				GCC_WARN_UNUSED_VARIABLE = YES;
				IPHONEOS_DEPLOYMENT_TARGET = 15.5;
				MTL_ENABLE_DEBUG_INFO = NO;
				MTL_FAST_MATH = YES;
				SDKROOT = iphoneos;
				SWIFT_COMPILATION_MODE = wholemodule;
				SWIFT_OPTIMIZATION_LEVEL = "-O";
				VALIDATE_PRODUCT = YES;
			};
			name = Release;
		};
		759124C428E733F200CD8881 /* Debug */ = {
			isa = XCBuildConfiguration;
			buildSettings = {
				ASSETCATALOG_COMPILER_APPICON_NAME = AppIcon;
				ASSETCATALOG_COMPILER_GLOBAL_ACCENT_COLOR_NAME = AccentColor;
				CODE_SIGN_STYLE = Automatic;
				CURRENT_PROJECT_VERSION = 1;
				DEVELOPMENT_TEAM = N93UG27R7L;
				GENERATE_INFOPLIST_FILE = YES;
				INFOPLIST_FILE = AboutMe/Info.plist;
				INFOPLIST_KEY_UIApplicationSupportsIndirectInputEvents = YES;
				INFOPLIST_KEY_UILaunchStoryboardName = LaunchScreen;
				INFOPLIST_KEY_UIMainStoryboardFile = Main;
				INFOPLIST_KEY_UISupportedInterfaceOrientations_iPad = "UIInterfaceOrientationPortrait UIInterfaceOrientationPortraitUpsideDown UIInterfaceOrientationLandscapeLeft UIInterfaceOrientationLandscapeRight";
				INFOPLIST_KEY_UISupportedInterfaceOrientations_iPhone = "UIInterfaceOrientationPortrait UIInterfaceOrientationLandscapeLeft UIInterfaceOrientationLandscapeRight";
				LD_RUNPATH_SEARCH_PATHS = (
					"$(inherited)",
					"@executable_path/Frameworks",
				);
				MARKETING_VERSION = 1.0;
				PRODUCT_BUNDLE_IDENTIFIER = com.RobertSteed.AboutMe.AboutMe;
				PRODUCT_NAME = "$(TARGET_NAME)";
				SWIFT_EMIT_LOC_STRINGS = YES;
				SWIFT_VERSION = 5.0;
				TARGETED_DEVICE_FAMILY = "1,2";
			};
			name = Debug;
		};
		759124C528E733F200CD8881 /* Release */ = {
			isa = XCBuildConfiguration;
			buildSettings = {
				ASSETCATALOG_COMPILER_APPICON_NAME = AppIcon;
				ASSETCATALOG_COMPILER_GLOBAL_ACCENT_COLOR_NAME = AccentColor;
				CODE_SIGN_STYLE = Automatic;
				CURRENT_PROJECT_VERSION = 1;
				DEVELOPMENT_TEAM = N93UG27R7L;
				GENERATE_INFOPLIST_FILE = YES;
				INFOPLIST_FILE = AboutMe/Info.plist;
				INFOPLIST_KEY_UIApplicationSupportsIndirectInputEvents = YES;
				INFOPLIST_KEY_UILaunchStoryboardName = LaunchScreen;
				INFOPLIST_KEY_UIMainStoryboardFile = Main;
				INFOPLIST_KEY_UISupportedInterfaceOrientations_iPad = "UIInterfaceOrientationPortrait UIInterfaceOrientationPortraitUpsideDown UIInterfaceOrientationLandscapeLeft UIInterfaceOrientationLandscapeRight";
				INFOPLIST_KEY_UISupportedInterfaceOrientations_iPhone = "UIInterfaceOrientationPortrait UIInterfaceOrientationLandscapeLeft UIInterfaceOrientationLandscapeRight";
				LD_RUNPATH_SEARCH_PATHS = (
					"$(inherited)",
					"@executable_path/Frameworks",
				);
				MARKETING_VERSION = 1.0;
				PRODUCT_BUNDLE_IDENTIFIER = com.RobertSteed.AboutMe.AboutMe;
				PRODUCT_NAME = "$(TARGET_NAME)";
				SWIFT_EMIT_LOC_STRINGS = YES;
				SWIFT_VERSION = 5.0;
				TARGETED_DEVICE_FAMILY = "1,2";
			};
			name = Release;
		};
		759124C728E733F200CD8881 /* Debug */ = {
			isa = XCBuildConfiguration;
			buildSettings = {
				ALWAYS_EMBED_SWIFT_STANDARD_LIBRARIES = YES;
				BUNDLE_LOADER = "$(TEST_HOST)";
				CODE_SIGN_STYLE = Automatic;
				CURRENT_PROJECT_VERSION = 1;
				DEVELOPMENT_TEAM = N93UG27R7L;
				GENERATE_INFOPLIST_FILE = YES;
				IPHONEOS_DEPLOYMENT_TARGET = 15.5;
				MARKETING_VERSION = 1.0;
				PRODUCT_BUNDLE_IDENTIFIER = com.RobertSteed.AboutMe.AboutMeTests;
				PRODUCT_NAME = "$(TARGET_NAME)";
				SWIFT_EMIT_LOC_STRINGS = NO;
				SWIFT_VERSION = 5.0;
				TARGETED_DEVICE_FAMILY = "1,2";
				TEST_HOST = "$(BUILT_PRODUCTS_DIR)/AboutMe.app/AboutMe";
			};
			name = Debug;
		};
		759124C828E733F200CD8881 /* Release */ = {
			isa = XCBuildConfiguration;
			buildSettings = {
				ALWAYS_EMBED_SWIFT_STANDARD_LIBRARIES = YES;
				BUNDLE_LOADER = "$(TEST_HOST)";
				CODE_SIGN_STYLE = Automatic;
				CURRENT_PROJECT_VERSION = 1;
				DEVELOPMENT_TEAM = N93UG27R7L;
				GENERATE_INFOPLIST_FILE = YES;
				IPHONEOS_DEPLOYMENT_TARGET = 15.5;
				MARKETING_VERSION = 1.0;
				PRODUCT_BUNDLE_IDENTIFIER = com.RobertSteed.AboutMe.AboutMeTests;
				PRODUCT_NAME = "$(TARGET_NAME)";
				SWIFT_EMIT_LOC_STRINGS = NO;
				SWIFT_VERSION = 5.0;
				TARGETED_DEVICE_FAMILY = "1,2";
				TEST_HOST = "$(BUILT_PRODUCTS_DIR)/AboutMe.app/AboutMe";
			};
			name = Release;
		};
		759124CA28E733F200CD8881 /* Debug */ = {
			isa = XCBuildConfiguration;
			buildSettings = {
				ALWAYS_EMBED_SWIFT_STANDARD_LIBRARIES = YES;
				CODE_SIGN_STYLE = Automatic;
				CURRENT_PROJECT_VERSION = 1;
				DEVELOPMENT_TEAM = N93UG27R7L;
				GENERATE_INFOPLIST_FILE = YES;
				MARKETING_VERSION = 1.0;
				PRODUCT_BUNDLE_IDENTIFIER = com.RobertSteed.AboutMe.AboutMeUITests;
				PRODUCT_NAME = "$(TARGET_NAME)";
				SWIFT_EMIT_LOC_STRINGS = NO;
				SWIFT_VERSION = 5.0;
				TARGETED_DEVICE_FAMILY = "1,2";
				TEST_TARGET_NAME = AboutMe;
			};
			name = Debug;
		};
		759124CB28E733F200CD8881 /* Release */ = {
			isa = XCBuildConfiguration;
			buildSettings = {
				ALWAYS_EMBED_SWIFT_STANDARD_LIBRARIES = YES;
				CODE_SIGN_STYLE = Automatic;
				CURRENT_PROJECT_VERSION = 1;
				DEVELOPMENT_TEAM = N93UG27R7L;
				GENERATE_INFOPLIST_FILE = YES;
				MARKETING_VERSION = 1.0;
				PRODUCT_BUNDLE_IDENTIFIER = com.RobertSteed.AboutMe.AboutMeUITests;
				PRODUCT_NAME = "$(TARGET_NAME)";
				SWIFT_EMIT_LOC_STRINGS = NO;
				SWIFT_VERSION = 5.0;
				TARGETED_DEVICE_FAMILY = "1,2";
				TEST_TARGET_NAME = AboutMe;
			};
			name = Release;
		};
/* End XCBuildConfiguration section */

/* Begin XCConfigurationList section */
		7591249428E733F000CD8881 /* Build configuration list for PBXProject "AboutMe" */ = {
			isa = XCConfigurationList;
			buildConfigurations = (
				759124C128E733F200CD8881 /* Debug */,
				759124C228E733F200CD8881 /* Release */,
			);
			defaultConfigurationIsVisible = 0;
			defaultConfigurationName = Release;
		};
		759124C328E733F200CD8881 /* Build configuration list for PBXNativeTarget "AboutMe" */ = {
			isa = XCConfigurationList;
			buildConfigurations = (
				759124C428E733F200CD8881 /* Debug */,
				759124C528E733F200CD8881 /* Release */,
			);
			defaultConfigurationIsVisible = 0;
			defaultConfigurationName = Release;
		};
		759124C628E733F200CD8881 /* Build configuration list for PBXNativeTarget "AboutMeTests" */ = {
			isa = XCConfigurationList;
			buildConfigurations = (
				759124C728E733F200CD8881 /* Debug */,
				759124C828E733F200CD8881 /* Release */,
			);
			defaultConfigurationIsVisible = 0;
			defaultConfigurationName = Release;
		};
		759124C928E733F200CD8881 /* Build configuration list for PBXNativeTarget "AboutMeUITests" */ = {
			isa = XCConfigurationList;
			buildConfigurations = (
				759124CA28E733F200CD8881 /* Debug */,
				759124CB28E733F200CD8881 /* Release */,
			);
			defaultConfigurationIsVisible = 0;
			defaultConfigurationName = Release;
		};
/* End XCConfigurationList section */
	};
	rootObject = 7591249128E733F000CD8881 /* Project object */;
}
